
Microsoft Visual Studio Solution File, Format Version 12.00
# Visual Studio Version 17
VisualStudioVersion = 17.7.34221.43
MinimumVisualStudioVersion = 10.0.40219.1
Project("{FAE04EC0-301F-11D3-BF4B-00C04F79EFBC}") = "TripCompany", "TripCompany\TripCompany.csproj", "{55000330-2167-46D2-B515-3D7B976D6D60}"
EndProject
Global
	GlobalSection(SolutionConfigurationPlatforms) = preSolution
		Debug|Any CPU = Debug|Any CPU
		Release|Any CPU = Release|Any CPU
	EndGlobalSection
	GlobalSection(ProjectConfigurationPlatforms) = postSolution
		{55000330-2167-46D2-B515-3D7B976D6D60}.Debug|Any CPU.ActiveCfg = Debug|Any CPU
		{55000330-2167-46D2-B515-3D7B976D6D60}.Debug|Any CPU.Build.0 = Debug|Any CPU
		{55000330-2167-46D2-B515-3D7B976D6D60}.Release|Any CPU.ActiveCfg = Release|Any CPU
		{55000330-2167-46D2-B515-3D7B976D6D60}.Release|Any CPU.Build.0 = Release|Any CPU
	EndGlobalSection
	GlobalSection(SolutionProperties) = preSolution
		HideSolutionNode = FALSE
	EndGlobalSection
	GlobalSection(ExtensibilityGlobals) = postSolution
		SolutionGuid = {3D2CA2FA-0AF7-46F8-B9D1-1F9040DE68A0}
	EndGlobalSection
EndGlobal
